
Microsoft Visual Studio Solution File, Format Version 12.00
# Visual Studio Version 16
VisualStudioVersion = 16.0.30104.148
MinimumVisualStudioVersion = 10.0.40219.1
Project("{FAE04EC0-301F-11D3-BF4B-00C04F79EFBC}") = "MvcMovie", "MvcMovie.csproj", "{1A17DF05-738E-4BE1-99EC-36D4C66B52D3}"
EndProject
Global
	GlobalSection(SolutionConfigurationPlatforms) = preSolution
		Debug|Any CPU = Debug|Any CPU
		Release|Any CPU = Release|Any CPU
	EndGlobalSection
	GlobalSection(ProjectConfigurationPlatforms) = postSolution
		{1A17DF05-738E-4BE1-99EC-36D4C66B52D3}.Debug|Any CPU.ActiveCfg = Debug|Any CPU
		{1A17DF05-738E-4BE1-99EC-36D4C66B52D3}.Debug|Any CPU.Build.0 = Debug|Any CPU
		{1A17DF05-738E-4BE1-99EC-36D4C66B52D3}.Release|Any CPU.ActiveCfg = Release|Any CPU
		{1A17DF05-738E-4BE1-99EC-36D4C66B52D3}.Release|Any CPU.Build.0 = Release|Any CPU
	EndGlobalSection
	GlobalSection(SolutionProperties) = preSolution
		HideSolutionNode = FALSE
	EndGlobalSection
	GlobalSection(ExtensibilityGlobals) = postSolution
		SolutionGuid = {FC19E9DA-6314-45C8-B010-4E40D21E1B1B}
	EndGlobalSection
EndGlobal
